
Microsoft Visual Studio Solution File, Format Version 12.00
# Visual Studio Version 17
VisualStudioVersion = 17.7.34031.279
MinimumVisualStudioVersion = 10.0.40219.1
Project("{FAE04EC0-301F-11D3-BF4B-00C04F79EFBC}") = "FutScout-2023", "FutScout-2023\FutScout-2023.csproj", "{46573128-D3AF-47CB-9247-20E0AA8654DA}"
EndProject
Global
	GlobalSection(SolutionConfigurationPlatforms) = preSolution
		Debug|Any CPU = Debug|Any CPU
		Release|Any CPU = Release|Any CPU
	EndGlobalSection
	GlobalSection(ProjectConfigurationPlatforms) = postSolution
		{46573128-D3AF-47CB-9247-20E0AA8654DA}.Debug|Any CPU.ActiveCfg = Debug|Any CPU
		{46573128-D3AF-47CB-9247-20E0AA8654DA}.Debug|Any CPU.Build.0 = Debug|Any CPU
		{46573128-D3AF-47CB-9247-20E0AA8654DA}.Release|Any CPU.ActiveCfg = Release|Any CPU
		{46573128-D3AF-47CB-9247-20E0AA8654DA}.Release|Any CPU.Build.0 = Release|Any CPU
	EndGlobalSection
	GlobalSection(SolutionProperties) = preSolution
		HideSolutionNode = FALSE
	EndGlobalSection
	GlobalSection(ExtensibilityGlobals) = postSolution
		SolutionGuid = {55D72988-3E72-4986-804B-2D4EC2C995E4}
	EndGlobalSection
EndGlobal
